// !$*UTF8*$!
{
	archiveVersion = 1;
	classes = {
	};
	objectVersion = 48;
	objects = {

/* Begin PBXBuildFile section */
		3BED54BE208C09C200D9B8B5 /* AppDelegate.swift in Sources */ = {isa = PBXBuildFile; fileRef = 3BED54BD208C09C200D9B8B5 /* AppDelegate.swift */; };
		3BED54C0208C09C200D9B8B5 /* ViewController.swift in Sources */ = {isa = PBXBuildFile; fileRef = 3BED54BF208C09C200D9B8B5 /* ViewController.swift */; };
		3BED54C3208C09C200D9B8B5 /* Main.storyboard in Resources */ = {isa = PBXBuildFile; fileRef = 3BED54C1208C09C200D9B8B5 /* Main.storyboard */; };
		3BED54C5208C09C200D9B8B5 /* Assets.xcassets in Resources */ = {isa = PBXBuildFile; fileRef = 3BED54C4208C09C200D9B8B5 /* Assets.xcassets */; };
		3BED54C8208C09C200D9B8B5 /* LaunchScreen.storyboard in Resources */ = {isa = PBXBuildFile; fileRef = 3BED54C6208C09C200D9B8B5 /* LaunchScreen.storyboard */; };
		3BED54D3208C09C200D9B8B5 /* RLSTests.swift in Sources */ = {isa = PBXBuildFile; fileRef = 3BED54D2208C09C200D9B8B5 /* RLSTests.swift */; };
		3BED54DE208C09C200D9B8B5 /* RLSUITests.swift in Sources */ = {isa = PBXBuildFile; fileRef = 3BED54DD208C09C200D9B8B5 /* RLSUITests.swift */; };
		3BED54ED208C09D600D9B8B5 /* CoreLocation.framework in Frameworks */ = {isa = PBXBuildFile; fileRef = 3BED54EC208C09D600D9B8B5 /* CoreLocation.framework */; };
/* End PBXBuildFile section */

/* Begin PBXContainerItemProxy section */
		3BED54CF208C09C200D9B8B5 /* PBXContainerItemProxy */ = {
			isa = PBXContainerItemProxy;
			containerPortal = 3BED54B2208C09C200D9B8B5 /* Project object */;
			proxyType = 1;
			remoteGlobalIDString = 3BED54B9208C09C200D9B8B5;
			remoteInfo = RLS;
		};
		3BED54DA208C09C200D9B8B5 /* PBXContainerItemProxy */ = {
			isa = PBXContainerItemProxy;
			containerPortal = 3BED54B2208C09C200D9B8B5 /* Project object */;
			proxyType = 1;
			remoteGlobalIDString = 3BED54B9208C09C200D9B8B5;
			remoteInfo = RLS;
		};
/* End PBXContainerItemProxy section */

/* Begin PBXFileReference section */
		3BED54BA208C09C200D9B8B5 /* RLS.app */ = {isa = PBXFileReference; explicitFileType = wrapper.application; includeInIndex = 0; path = RLS.app; sourceTree = BUILT_PRODUCTS_DIR; };
		3BED54BD208C09C200D9B8B5 /* AppDelegate.swift */ = {isa = PBXFileReference; lastKnownFileType = sourcecode.swift; path = AppDelegate.swift; sourceTree = "<group>"; };
		3BED54BF208C09C200D9B8B5 /* ViewController.swift */ = {isa = PBXFileReference; lastKnownFileType = sourcecode.swift; path = ViewController.swift; sourceTree = "<group>"; };
		3BED54C2208C09C200D9B8B5 /* Base */ = {isa = PBXFileReference; lastKnownFileType = file.storyboard; name = Base; path = Base.lproj/Main.storyboard; sourceTree = "<group>"; };
		3BED54C4208C09C200D9B8B5 /* Assets.xcassets */ = {isa = PBXFileReference; lastKnownFileType = folder.assetcatalog; path = Assets.xcassets; sourceTree = "<group>"; };
		3BED54C7208C09C200D9B8B5 /* Base */ = {isa = PBXFileReference; lastKnownFileType = file.storyboard; name = Base; path = Base.lproj/LaunchScreen.storyboard; sourceTree = "<group>"; };
		3BED54C9208C09C200D9B8B5 /* Info.plist */ = {isa = PBXFileReference; lastKnownFileType = text.plist.xml; path = Info.plist; sourceTree = "<group>"; };
		3BED54CE208C09C200D9B8B5 /* RLSTests.xctest */ = {isa = PBXFileReference; explicitFileType = wrapper.cfbundle; includeInIndex = 0; path = RLSTests.xctest; sourceTree = BUILT_PRODUCTS_DIR; };
		3BED54D2208C09C200D9B8B5 /* RLSTests.swift */ = {isa = PBXFileReference; lastKnownFileType = sourcecode.swift; path = RLSTests.swift; sourceTree = "<group>"; };
		3BED54D4208C09C200D9B8B5 /* Info.plist */ = {isa = PBXFileReference; lastKnownFileType = text.plist.xml; path = Info.plist; sourceTree = "<group>"; };
		3BED54D9208C09C200D9B8B5 /* RLSUITests.xctest */ = {isa = PBXFileReference; explicitFileType = wrapper.cfbundle; includeInIndex = 0; path = RLSUITests.xctest; sourceTree = BUILT_PRODUCTS_DIR; };
		3BED54DD208C09C200D9B8B5 /* RLSUITests.swift */ = {isa = PBXFileReference; lastKnownFileType = sourcecode.swift; path = RLSUITests.swift; sourceTree = "<group>"; };
		3BED54DF208C09C200D9B8B5 /* Info.plist */ = {isa = PBXFileReference; lastKnownFileType = text.plist.xml; path = Info.plist; sourceTree = "<group>"; };
		3BED54EC208C09D600D9B8B5 /* CoreLocation.framework */ = {isa = PBXFileReference; lastKnownFileType = wrapper.framework; name = CoreLocation.framework; path = System/Library/Frameworks/CoreLocation.framework; sourceTree = SDKROOT; };
/* End PBXFileReference section */

/* Begin PBXFrameworksBuildPhase section */
		3BED54B7208C09C200D9B8B5 /* Frameworks */ = {
			isa = PBXFrameworksBuildPhase;
			buildActionMask = 2147483647;
			files = (
				3BED54ED208C09D600D9B8B5 /* CoreLocation.framework in Frameworks */,
			);
			runOnlyForDeploymentPostprocessing = 0;
		};
		3BED54CB208C09C200D9B8B5 /* Frameworks */ = {
			isa = PBXFrameworksBuildPhase;
			buildActionMask = 2147483647;
			files = (
			);
			runOnlyForDeploymentPostprocessing = 0;
		};
		3BED54D6208C09C200D9B8B5 /* Frameworks */ = {
			isa = PBXFrameworksBuildPhase;
			buildActionMask = 2147483647;
			files = (
			);
			runOnlyForDeploymentPostprocessing = 0;
		};
/* End PBXFrameworksBuildPhase section */

/* Begin PBXGroup section */
		3BED54B1208C09C200D9B8B5 = {
			isa = PBXGroup;
			children = (
				3BED54BC208C09C200D9B8B5 /* RLS */,
				3BED54D1208C09C200D9B8B5 /* RLSTests */,
				3BED54DC208C09C200D9B8B5 /* RLSUITests */,
				3BED54BB208C09C200D9B8B5 /* Products */,
				3BED54EB208C09D600D9B8B5 /* Frameworks */,
			);
			sourceTree = "<group>";
		};
		3BED54BB208C09C200D9B8B5 /* Products */ = {
			isa = PBXGroup;
			children = (
				3BED54BA208C09C200D9B8B5 /* RLS.app */,
				3BED54CE208C09C200D9B8B5 /* RLSTests.xctest */,
				3BED54D9208C09C200D9B8B5 /* RLSUITests.xctest */,
			);
			name = Products;
			sourceTree = "<group>";
		};
		3BED54BC208C09C200D9B8B5 /* RLS */ = {
			isa = PBXGroup;
			children = (
				3BED54BD208C09C200D9B8B5 /* AppDelegate.swift */,
				3BED54BF208C09C200D9B8B5 /* ViewController.swift */,
				3BED54C1208C09C200D9B8B5 /* Main.storyboard */,
				3BED54C4208C09C200D9B8B5 /* Assets.xcassets */,
				3BED54C6208C09C200D9B8B5 /* LaunchScreen.storyboard */,
				3BED54C9208C09C200D9B8B5 /* Info.plist */,
			);
			path = RLS;
			sourceTree = "<group>";
		};
		3BED54D1208C09C200D9B8B5 /* RLSTests */ = {
			isa = PBXGroup;
			children = (
				3BED54D2208C09C200D9B8B5 /* RLSTests.swift */,
				3BED54D4208C09C200D9B8B5 /* Info.plist */,
			);
			path = RLSTests;
			sourceTree = "<group>";
		};
		3BED54DC208C09C200D9B8B5 /* RLSUITests */ = {
			isa = PBXGroup;
			children = (
				3BED54DD208C09C200D9B8B5 /* RLSUITests.swift */,
				3BED54DF208C09C200D9B8B5 /* Info.plist */,
			);
			path = RLSUITests;
			sourceTree = "<group>";
		};
		3BED54EB208C09D600D9B8B5 /* Frameworks */ = {
			isa = PBXGroup;
			children = (
				3BED54EC208C09D600D9B8B5 /* CoreLocation.framework */,
			);
			name = Frameworks;
			sourceTree = "<group>";
		};
/* End PBXGroup section */

/* Begin PBXNativeTarget section */
		3BED54B9208C09C200D9B8B5 /* RLS */ = {
			isa = PBXNativeTarget;
			buildConfigurationList = 3BED54E2208C09C200D9B8B5 /* Build configuration list for PBXNativeTarget "RLS" */;
			buildPhases = (
				3BED54B6208C09C200D9B8B5 /* Sources */,
				3BED54B7208C09C200D9B8B5 /* Frameworks */,
				3BED54B8208C09C200D9B8B5 /* Resources */,
			);
			buildRules = (
			);
			dependencies = (
			);
			name = RLS;
			productName = RLS;
			productReference = 3BED54BA208C09C200D9B8B5 /* RLS.app */;
			productType = "com.apple.product-type.application";
		};
		3BED54CD208C09C200D9B8B5 /* RLSTests */ = {
			isa = PBXNativeTarget;
			buildConfigurationList = 3BED54E5208C09C200D9B8B5 /* Build configuration list for PBXNativeTarget "RLSTests" */;
			buildPhases = (
				3BED54CA208C09C200D9B8B5 /* Sources */,
				3BED54CB208C09C200D9B8B5 /* Frameworks */,
				3BED54CC208C09C200D9B8B5 /* Resources */,
			);
			buildRules = (
			);
			dependencies = (
				3BED54D0208C09C200D9B8B5 /* PBXTargetDependency */,
			);
			name = RLSTests;
			productName = RLSTests;
			productReference = 3BED54CE208C09C200D9B8B5 /* RLSTests.xctest */;
			productType = "com.apple.product-type.bundle.unit-test";
		};
		3BED54D8208C09C200D9B8B5 /* RLSUITests */ = {
			isa = PBXNativeTarget;
			buildConfigurationList = 3BED54E8208C09C200D9B8B5 /* Build configuration list for PBXNativeTarget "RLSUITests" */;
			buildPhases = (
				3BED54D5208C09C200D9B8B5 /* Sources */,
				3BED54D6208C09C200D9B8B5 /* Frameworks */,
				3BED54D7208C09C200D9B8B5 /* Resources */,
			);
			buildRules = (
			);
			dependencies = (
				3BED54DB208C09C200D9B8B5 /* PBXTargetDependency */,
			);
			name = RLSUITests;
			productName = RLSUITests;
			productReference = 3BED54D9208C09C200D9B8B5 /* RLSUITests.xctest */;
			productType = "com.apple.product-type.bundle.ui-testing";
		};
/* End PBXNativeTarget section */

/* Begin PBXProject section */
		3BED54B2208C09C200D9B8B5 /* Project object */ = {
			isa = PBXProject;
			attributes = {
				LastSwiftUpdateCheck = 0920;
				LastUpgradeCheck = 0920;
				ORGANIZATIONNAME = "Hackathon Event";
				TargetAttributes = {
					3BED54B9208C09C200D9B8B5 = {
						CreatedOnToolsVersion = 9.2;
						ProvisioningStyle = Automatic;
					};
					3BED54CD208C09C200D9B8B5 = {
						CreatedOnToolsVersion = 9.2;
						ProvisioningStyle = Automatic;
						TestTargetID = 3BED54B9208C09C200D9B8B5;
					};
					3BED54D8208C09C200D9B8B5 = {
						CreatedOnToolsVersion = 9.2;
						ProvisioningStyle = Automatic;
						TestTargetID = 3BED54B9208C09C200D9B8B5;
					};
				};
			};
			buildConfigurationList = 3BED54B5208C09C200D9B8B5 /* Build configuration list for PBXProject "RLS" */;
			compatibilityVersion = "Xcode 8.0";
			developmentRegion = en;
			hasScannedForEncodings = 0;
			knownRegions = (
				en,
				Base,
			);
			mainGroup = 3BED54B1208C09C200D9B8B5;
			productRefGroup = 3BED54BB208C09C200D9B8B5 /* Products */;
			projectDirPath = "";
			projectRoot = "";
			targets = (
				3BED54B9208C09C200D9B8B5 /* RLS */,
				3BED54CD208C09C200D9B8B5 /* RLSTests */,
				3BED54D8208C09C200D9B8B5 /* RLSUITests */,
			);
		};
/* End PBXProject section */

/* Begin PBXResourcesBuildPhase section */
		3BED54B8208C09C200D9B8B5 /* Resources */ = {
			isa = PBXResourcesBuildPhase;
			buildActionMask = 2147483647;
			files = (
				3BED54C8208C09C200D9B8B5 /* LaunchScreen.storyboard in Resources */,
				3BED54C5208C09C200D9B8B5 /* Assets.xcassets in Resources */,
				3BED54C3208C09C200D9B8B5 /* Main.storyboard in Resources */,
			);
			runOnlyForDeploymentPostprocessing = 0;
		};
		3BED54CC208C09C200D9B8B5 /* Resources */ = {
			isa = PBXResourcesBuildPhase;
			buildActionMask = 2147483647;
			files = (
			);
			runOnlyForDeploymentPostprocessing = 0;
		};
		3BED54D7208C09C200D9B8B5 /* Resources */ = {
			isa = PBXResourcesBuildPhase;
			buildActionMask = 2147483647;
			files = (
			);
			runOnlyForDeploymentPostprocessing = 0;
		};
/* End PBXResourcesBuildPhase section */

/* Begin PBXSourcesBuildPhase section */
		3BED54B6208C09C200D9B8B5 /* Sources */ = {
			isa = PBXSourcesBuildPhase;
			buildActionMask = 2147483647;
			files = (
				3BED54C0208C09C200D9B8B5 /* ViewController.swift in Sources */,
				3BED54BE208C09C200D9B8B5 /* AppDelegate.swift in Sources */,
			);
			runOnlyForDeploymentPostprocessing = 0;
		};
		3BED54CA208C09C200D9B8B5 /* Sources */ = {
			isa = PBXSourcesBuildPhase;
			buildActionMask = 2147483647;
			files = (
				3BED54D3208C09C200D9B8B5 /* RLSTests.swift in Sources */,
			);
			runOnlyForDeploymentPostprocessing = 0;
		};
		3BED54D5208C09C200D9B8B5 /* Sources */ = {
			isa = PBXSourcesBuildPhase;
			buildActionMask = 2147483647;
			files = (
				3BED54DE208C09C200D9B8B5 /* RLSUITests.swift in Sources */,
			);
			runOnlyForDeploymentPostprocessing = 0;
		};
/* End PBXSourcesBuildPhase section */

/* Begin PBXTargetDependency section */
		3BED54D0208C09C200D9B8B5 /* PBXTargetDependency */ = {
			isa = PBXTargetDependency;
			target = 3BED54B9208C09C200D9B8B5 /* RLS */;
			targetProxy = 3BED54CF208C09C200D9B8B5 /* PBXContainerItemProxy */;
		};
		3BED54DB208C09C200D9B8B5 /* PBXTargetDependency */ = {
			isa = PBXTargetDependency;
			target = 3BED54B9208C09C200D9B8B5 /* RLS */;
			targetProxy = 3BED54DA208C09C200D9B8B5 /* PBXContainerItemProxy */;
		};
/* End PBXTargetDependency section */

/* Begin PBXVariantGroup section */
		3BED54C1208C09C200D9B8B5 /* Main.storyboard */ = {
			isa = PBXVariantGroup;
			children = (
				3BED54C2208C09C200D9B8B5 /* Base */,
			);
			name = Main.storyboard;
			sourceTree = "<group>";
		};
		3BED54C6208C09C200D9B8B5 /* LaunchScreen.storyboard */ = {
			isa = PBXVariantGroup;
			children = (
				3BED54C7208C09C200D9B8B5 /* Base */,
			);
			name = LaunchScreen.storyboard;
			sourceTree = "<group>";
		};
/* End PBXVariantGroup section */

/* Begin XCBuildConfiguration section */
		3BED54E0208C09C200D9B8B5 /* Debug */ = {
			isa = XCBuildConfiguration;
			buildSettings = {
				ALWAYS_SEARCH_USER_PATHS = NO;
				CLANG_ANALYZER_NONNULL = YES;
				CLANG_ANALYZER_NUMBER_OBJECT_CONVERSION = YES_AGGRESSIVE;
				CLANG_CXX_LANGUAGE_STANDARD = "gnu++14";
				CLANG_CXX_LIBRARY = "libc++";
				CLANG_ENABLE_MODULES = YES;
				CLANG_ENABLE_OBJC_ARC = YES;
				CLANG_WARN_BLOCK_CAPTURE_AUTORELEASING = YES;
				CLANG_WARN_BOOL_CONVERSION = YES;
				CLANG_WARN_COMMA = YES;
				CLANG_WARN_CONSTANT_CONVERSION = YES;
				CLANG_WARN_DIRECT_OBJC_ISA_USAGE = YES_ERROR;
				CLANG_WARN_DOCUMENTATION_COMMENTS = YES;
				CLANG_WARN_EMPTY_BODY = YES;
				CLANG_WARN_ENUM_CONVERSION = YES;
				CLANG_WARN_INFINITE_RECURSION = YES;
				CLANG_WARN_INT_CONVERSION = YES;
				CLANG_WARN_NON_LITERAL_NULL_CONVERSION = YES;
				CLANG_WARN_OBJC_LITERAL_CONVERSION = YES;
				CLANG_WARN_OBJC_ROOT_CLASS = YES_ERROR;
				CLANG_WARN_RANGE_LOOP_ANALYSIS = YES;
				CLANG_WARN_STRICT_PROTOTYPES = YES;
				CLANG_WARN_SUSPICIOUS_MOVE = YES;
				CLANG_WARN_UNGUARDED_AVAILABILITY = YES_AGGRESSIVE;
				CLANG_WARN_UNREACHABLE_CODE = YES;
				CLANG_WARN__DUPLICATE_METHOD_MATCH = YES;
				CODE_SIGN_IDENTITY = "iPhone Developer";
				COPY_PHASE_STRIP = NO;
				DEBUG_INFORMATION_FORMAT = dwarf;
				ENABLE_STRICT_OBJC_MSGSEND = YES;
				ENABLE_TESTABILITY = YES;
				GCC_C_LANGUAGE_STANDARD = gnu11;
				GCC_DYNAMIC_NO_PIC = NO;
				GCC_NO_COMMON_BLOCKS = YES;
				GCC_OPTIMIZATION_LEVEL = 0;
				GCC_PREPROCESSOR_DEFINITIONS = (
					"DEBUG=1",
					"$(inherited)",
				);
				GCC_WARN_64_TO_32_BIT_CONVERSION = YES;
				GCC_WARN_ABOUT_RETURN_TYPE = YES_ERROR;
				GCC_WARN_UNDECLARED_SELECTOR = YES;
				GCC_WARN_UNINITIALIZED_AUTOS = YES_AGGRESSIVE;
				GCC_WARN_UNUSED_FUNCTION = YES;
				GCC_WARN_UNUSED_VARIABLE = YES;
				IPHONEOS_DEPLOYMENT_TARGET = 11.2;
				MTL_ENABLE_DEBUG_INFO = YES;
				ONLY_ACTIVE_ARCH = YES;
				SDKROOT = iphoneos;
				SWIFT_ACTIVE_COMPILATION_CONDITIONS = DEBUG;
				SWIFT_OPTIMIZATION_LEVEL = "-Onone";
			};
			name = Debug;
		};
		3BED54E1208C09C200D9B8B5 /* Release */ = {
			isa = XCBuildConfiguration;
			buildSettings = {
				ALWAYS_SEARCH_USER_PATHS = NO;
				CLANG_ANALYZER_NONNULL = YES;
				CLANG_ANALYZER_NUMBER_OBJECT_CONVERSION = YES_AGGRESSIVE;
				CLANG_CXX_LANGUAGE_STANDARD = "gnu++14";
				CLANG_CXX_LIBRARY = "libc++";
				CLANG_ENABLE_MODULES = YES;
				CLANG_ENABLE_OBJC_ARC = YES;
				CLANG_WARN_BLOCK_CAPTURE_AUTORELEASING = YES;
				CLANG_WARN_BOOL_CONVERSION = YES;
				CLANG_WARN_COMMA = YES;
				CLANG_WARN_CONSTANT_CONVERSION = YES;
				CLANG_WARN_DIRECT_OBJC_ISA_USAGE = YES_ERROR;
				CLANG_WARN_DOCUMENTATION_COMMENTS = YES;
				CLANG_WARN_EMPTY_BODY = YES;
				CLANG_WARN_ENUM_CONVERSION = YES;
				CLANG_WARN_INFINITE_RECURSION = YES;
				CLANG_WARN_INT_CONVERSION = YES;
				CLANG_WARN_NON_LITERAL_NULL_CONVERSION = YES;
				CLANG_WARN_OBJC_LITERAL_CONVERSION = YES;
				CLANG_WARN_OBJC_ROOT_CLASS = YES_ERROR;
				CLANG_WARN_RANGE_LOOP_ANALYSIS = YES;
				CLANG_WARN_STRICT_PROTOTYPES = YES;
				CLANG_WARN_SUSPICIOUS_MOVE = YES;
				CLANG_WARN_UNGUARDED_AVAILABILITY = YES_AGGRESSIVE;
				CLANG_WARN_UNREACHABLE_CODE = YES;
				CLANG_WARN__DUPLICATE_METHOD_MATCH = YES;
				CODE_SIGN_IDENTITY = "iPhone Developer";
				COPY_PHASE_STRIP = NO;
				DEBUG_INFORMATION_FORMAT = "dwarf-with-dsym";
				ENABLE_NS_ASSERTIONS = NO;
				ENABLE_STRICT_OBJC_MSGSEND = YES;
				GCC_C_LANGUAGE_STANDARD = gnu11;
				GCC_NO_COMMON_BLOCKS = YES;
				GCC_WARN_64_TO_32_BIT_CONVERSION = YES;
				GCC_WARN_ABOUT_RETURN_TYPE = YES_ERROR;
				GCC_WARN_UNDECLARED_SELECTOR = YES;
				GCC_WARN_UNINITIALIZED_AUTOS = YES_AGGRESSIVE;
				GCC_WARN_UNUSED_FUNCTION = YES;
				GCC_WARN_UNUSED_VARIABLE = YES;
				IPHONEOS_DEPLOYMENT_TARGET = 11.2;
				MTL_ENABLE_DEBUG_INFO = NO;
				SDKROOT = iphoneos;
				SWIFT_OPTIMIZATION_LEVEL = "-Owholemodule";
				VALIDATE_PRODUCT = YES;
			};
			name = Release;
		};
		3BED54E3208C09C200D9B8B5 /* Debug */ = {
			isa = XCBuildConfiguration;
			buildSettings = {
				ASSETCATALOG_COMPILER_APPICON_NAME = AppIcon;
				CODE_SIGN_STYLE = Automatic;
				INFOPLIST_FILE = RLS/Info.plist;
				LD_RUNPATH_SEARCH_PATHS = "$(inherited) @executable_path/Frameworks";
				PRODUCT_BUNDLE_IDENTIFIER = TeamMed.RLS;
				PRODUCT_NAME = "$(TARGET_NAME)";
				SWIFT_VERSION = 4.0;
				TARGETED_DEVICE_FAMILY = "1,2";
			};
			name = Debug;
		};
		3BED54E4208C09C200D9B8B5 /* Release */ = {
			isa = XCBuildConfiguration;
			buildSettings = {
				ASSETCATALOG_COMPILER_APPICON_NAME = AppIcon;
				CODE_SIGN_STYLE = Automatic;
				INFOPLIST_FILE = RLS/Info.plist;
				LD_RUNPATH_SEARCH_PATHS = "$(inherited) @executable_path/Frameworks";
				PRODUCT_BUNDLE_IDENTIFIER = TeamMed.RLS;
				PRODUCT_NAME = "$(TARGET_NAME)";
				SWIFT_VERSION = 4.0;
				TARGETED_DEVICE_FAMILY = "1,2";
			};
			name = Release;
		};
		3BED54E6208C09C200D9B8B5 /* Debug */ = {
			isa = XCBuildConfiguration;
			buildSettings = {
				ALWAYS_EMBED_SWIFT_STANDARD_LIBRARIES = YES;
				BUNDLE_LOADER = "$(TEST_HOST)";
				CODE_SIGN_STYLE = Automatic;
				INFOPLIST_FILE = RLSTests/Info.plist;
				LD_RUNPATH_SEARCH_PATHS = "$(inherited) @executable_path/Frameworks @loader_path/Frameworks";
				PRODUCT_BUNDLE_IDENTIFIER = TeamMed.RLSTests;
				PRODUCT_NAME = "$(TARGET_NAME)";
				SWIFT_VERSION = 4.0;
				TARGETED_DEVICE_FAMILY = "1,2";
				TEST_HOST = "$(BUILT_PRODUCTS_DIR)/RLS.app/RLS";
			};
			name = Debug;
		};
		3BED54E7208C09C200D9B8B5 /* Release */ = {
			isa = XCBuildConfiguration;
			buildSettings = {
				ALWAYS_EMBED_SWIFT_STANDARD_LIBRARIES = YES;
				BUNDLE_LOADER = "$(TEST_HOST)";
				CODE_SIGN_STYLE = Automatic;
				INFOPLIST_FILE = RLSTests/Info.plist;
				LD_RUNPATH_SEARCH_PATHS = "$(inherited) @executable_path/Frameworks @loader_path/Frameworks";
				PRODUCT_BUNDLE_IDENTIFIER = TeamMed.RLSTests;
				PRODUCT_NAME = "$(TARGET_NAME)";
				SWIFT_VERSION = 4.0;
				TARGETED_DEVICE_FAMILY = "1,2";
				TEST_HOST = "$(BUILT_PRODUCTS_DIR)/RLS.app/RLS";
			};
			name = Release;
		};
		3BED54E9208C09C200D9B8B5 /* Debug */ = {
			isa = XCBuildConfiguration;
			buildSettings = {
				ALWAYS_EMBED_SWIFT_STANDARD_LIBRARIES = YES;
				CODE_SIGN_STYLE = Automatic;
				INFOPLIST_FILE = RLSUITests/Info.plist;
				LD_RUNPATH_SEARCH_PATHS = "$(inherited) @executable_path/Frameworks @loader_path/Frameworks";
				PRODUCT_BUNDLE_IDENTIFIER = TeamMed.RLSUITests;
				PRODUCT_NAME = "$(TARGET_NAME)";
				SWIFT_VERSION = 4.0;
				TARGETED_DEVICE_FAMILY = "1,2";
				TEST_TARGET_NAME = RLS;
			};
			name = Debug;
		};
		3BED54EA208C09C200D9B8B5 /* Release */ = {
			isa = XCBuildConfiguration;
			buildSettings = {
				ALWAYS_EMBED_SWIFT_STANDARD_LIBRARIES = YES;
				CODE_SIGN_STYLE = Automatic;
				INFOPLIST_FILE = RLSUITests/Info.plist;
				LD_RUNPATH_SEARCH_PATHS = "$(inherited) @executable_path/Frameworks @loader_path/Frameworks";
				PRODUCT_BUNDLE_IDENTIFIER = TeamMed.RLSUITests;
				PRODUCT_NAME = "$(TARGET_NAME)";
				SWIFT_VERSION = 4.0;
				TARGETED_DEVICE_FAMILY = "1,2";
				TEST_TARGET_NAME = RLS;
			};
			name = Release;
		};
/* End XCBuildConfiguration section */

/* Begin XCConfigurationList section */
		3BED54B5208C09C200D9B8B5 /* Build configuration list for PBXProject "RLS" */ = {
			isa = XCConfigurationList;
			buildConfigurations = (
				3BED54E0208C09C200D9B8B5 /* Debug */,
				3BED54E1208C09C200D9B8B5 /* Release */,
			);
			defaultConfigurationIsVisible = 0;
			defaultConfigurationName = Release;
		};
		3BED54E2208C09C200D9B8B5 /* Build configuration list for PBXNativeTarget "RLS" */ = {
			isa = XCConfigurationList;
			buildConfigurations = (
				3BED54E3208C09C200D9B8B5 /* Debug */,
				3BED54E4208C09C200D9B8B5 /* Release */,
			);
			defaultConfigurationIsVisible = 0;
			defaultConfigurationName = Release;
		};
		3BED54E5208C09C200D9B8B5 /* Build configuration list for PBXNativeTarget "RLSTests" */ = {
			isa = XCConfigurationList;
			buildConfigurations = (
				3BED54E6208C09C200D9B8B5 /* Debug */,
				3BED54E7208C09C200D9B8B5 /* Release */,
			);
			defaultConfigurationIsVisible = 0;
			defaultConfigurationName = Release;
		};
		3BED54E8208C09C200D9B8B5 /* Build configuration list for PBXNativeTarget "RLSUITests" */ = {
			isa = XCConfigurationList;
			buildConfigurations = (
				3BED54E9208C09C200D9B8B5 /* Debug */,
				3BED54EA208C09C200D9B8B5 /* Release */,
			);
			defaultConfigurationIsVisible = 0;
			defaultConfigurationName = Release;
		};
/* End XCConfigurationList section */
	};
	rootObject = 3BED54B2208C09C200D9B8B5 /* Project object */;
}
